
Microsoft Visual Studio Solution File, Format Version 12.00
# Visual Studio Version 16
VisualStudioVersion = 16.0.30804.86
MinimumVisualStudioVersion = 10.0.40219.1
Project("{FAE04EC0-301F-11D3-BF4B-00C04F79EFBC}") = "TinyCache", "TinyCache\TinyCache.csproj", "{542BEAA1-6AF3-4FDA-8313-4FABF97289EE}"
EndProject
Project("{FAE04EC0-301F-11D3-BF4B-00C04F79EFBC}") = "TinyCache.Tests", "TinyCache.Tests\TinyCache.Tests.csproj", "{BFFEFDC6-66F0-41DC-8B25-37E892D168B1}"
EndProject
Project("{FAE04EC0-301F-11D3-BF4B-00C04F79EFBC}") = "TinyCache.Extensions", "TinyCache.Extensions\TinyCache.Extensions.csproj", "{1B98F0B3-87BC-47B7-9007-A7DB3F601A6D}"
EndProject
Global
	GlobalSection(SolutionConfigurationPlatforms) = preSolution
		Debug|Any CPU = Debug|Any CPU
		Release|Any CPU = Release|Any CPU
	EndGlobalSection
	GlobalSection(ProjectConfigurationPlatforms) = postSolution
		{542BEAA1-6AF3-4FDA-8313-4FABF97289EE}.Debug|Any CPU.ActiveCfg = Debug|Any CPU
		{542BEAA1-6AF3-4FDA-8313-4FABF97289EE}.Debug|Any CPU.Build.0 = Debug|Any CPU
		{542BEAA1-6AF3-4FDA-8313-4FABF97289EE}.Release|Any CPU.ActiveCfg = Release|Any CPU
		{542BEAA1-6AF3-4FDA-8313-4FABF97289EE}.Release|Any CPU.Build.0 = Release|Any CPU
		{BFFEFDC6-66F0-41DC-8B25-37E892D168B1}.Debug|Any CPU.ActiveCfg = Debug|Any CPU
		{BFFEFDC6-66F0-41DC-8B25-37E892D168B1}.Debug|Any CPU.Build.0 = Debug|Any CPU
		{BFFEFDC6-66F0-41DC-8B25-37E892D168B1}.Release|Any CPU.ActiveCfg = Release|Any CPU
		{BFFEFDC6-66F0-41DC-8B25-37E892D168B1}.Release|Any CPU.Build.0 = Release|Any CPU
		{1B98F0B3-87BC-47B7-9007-A7DB3F601A6D}.Debug|Any CPU.ActiveCfg = Debug|Any CPU
		{1B98F0B3-87BC-47B7-9007-A7DB3F601A6D}.Debug|Any CPU.Build.0 = Debug|Any CPU
		{1B98F0B3-87BC-47B7-9007-A7DB3F601A6D}.Release|Any CPU.ActiveCfg = Release|Any CPU
		{1B98F0B3-87BC-47B7-9007-A7DB3F601A6D}.Release|Any CPU.Build.0 = Release|Any CPU
	EndGlobalSection
	GlobalSection(SolutionProperties) = preSolution
		HideSolutionNode = FALSE
	EndGlobalSection
	GlobalSection(ExtensibilityGlobals) = postSolution
		SolutionGuid = {5C4A8F15-D266-48F0-8AE8-D36C10B0E836}
	EndGlobalSection
EndGlobal
